{
  "name": "vuejs-confirm-button",
  "version": "1.0.0",
  "lockfileVersion": 1,
  "requires": true,
  "dependencies": {
    "rlv-styles": {
      "version": "1.0.0",
      "resolved": "https://registry.npmjs.org/rlv-styles/-/rlv-styles-1.0.0.tgz",
      "integrity": "sha512-STm36NgZUHtAUnu+CQN0DCwG8amUeVm68EsJnoNeqUbkbRGw+dk1CFWakcEP5f9sy1kGW6iKkVrMRcfv20+XVw==",
      "dev": true
    }
  }
}
